
Microsoft Visual Studio Solution File, Format Version 12.00
# Visual Studio Version 17
VisualStudioVersion = 17.8.34330.188
MinimumVisualStudioVersion = 10.0.40219.1
Project("{FAE04EC0-301F-11D3-BF4B-00C04F79EFBC}") = "InternetStore", "InternetStore.csproj", "{AB754F31-0C53-4801-9B64-6E2143C6F720}"
EndProject
Global
	GlobalSection(SolutionConfigurationPlatforms) = preSolution
		Debug|Any CPU = Debug|Any CPU
		Release|Any CPU = Release|Any CPU
	EndGlobalSection
	GlobalSection(ProjectConfigurationPlatforms) = postSolution
		{AB754F31-0C53-4801-9B64-6E2143C6F720}.Debug|Any CPU.ActiveCfg = Debug|Any CPU
		{AB754F31-0C53-4801-9B64-6E2143C6F720}.Debug|Any CPU.Build.0 = Debug|Any CPU
		{AB754F31-0C53-4801-9B64-6E2143C6F720}.Release|Any CPU.ActiveCfg = Release|Any CPU
		{AB754F31-0C53-4801-9B64-6E2143C6F720}.Release|Any CPU.Build.0 = Release|Any CPU
	EndGlobalSection
	GlobalSection(SolutionProperties) = preSolution
		HideSolutionNode = FALSE
	EndGlobalSection
	GlobalSection(ExtensibilityGlobals) = postSolution
		SolutionGuid = {FD9E3111-5039-4875-BACB-F340C7D7EF74}
	EndGlobalSection
EndGlobal
